
Microsoft Visual Studio Solution File, Format Version 12.00
# Visual Studio Version 17
VisualStudioVersion = 17.11.35222.181
MinimumVisualStudioVersion = 10.0.40219.1
Project("{FAE04EC0-301F-11D3-BF4B-00C04F79EFBC}") = "dataStud", "dataStud.csproj", "{948FFFBB-FF44-4036-95D8-65343DE29AB3}"
EndProject
Global
	GlobalSection(SolutionConfigurationPlatforms) = preSolution
		Debug|Any CPU = Debug|Any CPU
		Release|Any CPU = Release|Any CPU
	EndGlobalSection
	GlobalSection(ProjectConfigurationPlatforms) = postSolution
		{948FFFBB-FF44-4036-95D8-65343DE29AB3}.Debug|Any CPU.ActiveCfg = Debug|Any CPU
		{948FFFBB-FF44-4036-95D8-65343DE29AB3}.Debug|Any CPU.Build.0 = Debug|Any CPU
		{948FFFBB-FF44-4036-95D8-65343DE29AB3}.Release|Any CPU.ActiveCfg = Release|Any CPU
		{948FFFBB-FF44-4036-95D8-65343DE29AB3}.Release|Any CPU.Build.0 = Release|Any CPU
	EndGlobalSection
	GlobalSection(SolutionProperties) = preSolution
		HideSolutionNode = FALSE
	EndGlobalSection
	GlobalSection(ExtensibilityGlobals) = postSolution
		SolutionGuid = {06F9BD8B-EFC9-4970-8775-E5304FAB8909}
	EndGlobalSection
EndGlobal
